{
    "_readme": [
        "This file locks the dependencies of your project to a known state",
        "Read more about it at https://getcomposer.org/doc/01-basic-usage.md#installing-dependencies",
        "This file is @generated automatically"
    ],
    "content-hash": "9b9fd2024108779d87f00b8c0723e77f",
    "packages": [],
    "packages-dev": [
        {
            "name": "qossmic/deptrac-shim",
            "version": "0.13.0",
            "source": {
                "type": "git",
                "url": "https://github.com/qossmic/deptrac-shim.git",
                "reference": "fb549413b7fadb165bf911586ef7b41281f4a9bb"
            },
            "dist": {
                "type": "zip",
                "url": "https://api.github.com/repos/qossmic/deptrac-shim/zipball/fb549413b7fadb165bf911586ef7b41281f4a9bb",
                "reference": "fb549413b7fadb165bf911586ef7b41281f4a9bb",
                "shasum": ""
            },
            "require": {
                "ext-json": "*",
                "ext-tokenizer": "*",
                "ext-zlib": "*",
                "php": "^7.2 || 8.0.*"
            },
            "replace": {
                "qossmic/deptrac": "self.version"
            },
            "suggest": {
                "ext-dom": "For using the JUnit output formatter"
            },
            "bin": [
                "deptrac"
            ],
            "type": "library",
            "notification-url": "https://packagist.org/downloads/",
            "license": [
                "MIT"
            ],
            "authors": [
                {
                    "name": "Simon Mönch",
                    "email": "simon.moench@qossmic.com",
                    "role": "maintainer"
                }
            ],
            "description": "deptrac phar distribution",
            "support": {
                "issues": "https://github.com/qossmic/deptrac-shim/issues",
                "source": "https://github.com/qossmic/deptrac-shim/tree/0.13.0"
            },
            "time": "2021-04-16T13:40:43+00:00"
        }
    ],
    "aliases": [],
    "minimum-stability": "stable",
    "stability-flags": [],
    "prefer-stable": false,
    "prefer-lowest": false,
    "platform": [],
    "platform-dev": [],
    "plugin-api-version": "2.0.0"
}
