{
    "_readme": [
        "This file locks the dependencies of your project to a known state",
        "Read more about it at https://getcomposer.org/doc/01-basic-usage.md#installing-dependencies",
        "This file is @generated automatically"
    ],
    "content-hash": "540d03d94e9b0f24f468e606883e57fe",
    "packages": [],
    "packages-dev": [
        {
            "name": "symplify/easy-coding-standard",
            "version": "v9.3.12",
            "source": {
                "type": "git",
                "url": "https://github.com/symplify/easy-coding-standard.git",
                "reference": "5fa2935c28e572e6a0f8f448dd9ca4f17f5324ad"
            },
            "dist": {
                "type": "zip",
                "url": "https://api.github.com/repos/symplify/easy-coding-standard/zipball/5fa2935c28e572e6a0f8f448dd9ca4f17f5324ad",
                "reference": "5fa2935c28e572e6a0f8f448dd9ca4f17f5324ad",
                "shasum": ""
            },
            "require": {
                "php": ">=7.1"
            },
            "conflict": {
                "friendsofphp/php-cs-fixer": "<3.0",
                "squizlabs/php_codesniffer": "<3.6"
            },
            "replace": {
                "friendsofphp/php-cs-fixer": "^3.0",
                "squizlabs/php_codesniffer": "^3.6"
            },
            "bin": [
                "bin/ecs"
            ],
            "type": "library",
            "autoload": {
                "files": [
                    "bootstrap.php"
                ]
            },
            "notification-url": "https://packagist.org/downloads/",
            "license": [
                "MIT"
            ],
            "description": "Prefixed scoped version of ECS package",
            "support": {
                "source": "https://github.com/symplify/easy-coding-standard/tree/v9.3.12"
            },
            "funding": [
                {
                    "url": "https://www.paypal.me/rectorphp",
                    "type": "custom"
                },
                {
                    "url": "https://github.com/tomasvotruba",
                    "type": "github"
                }
            ],
            "time": "2021-05-17T20:57:41+00:00"
        }
    ],
    "aliases": [],
    "minimum-stability": "stable",
    "stability-flags": [],
    "prefer-stable": false,
    "prefer-lowest": false,
    "platform": [],
    "platform-dev": [],
    "plugin-api-version": "2.0.0"
}
